{
  "version": 4,
  "terraform_version": "1.10.5",
  "serial": 301,
  "lineage": "c81acd96-cbe2-050f-fcce-e3f2689441ce",
  "outputs": {
    "nsg_id": {
      "value": "/subscriptions/ff65f0cf-a249-47f9-966a-01344e9444f1/resourceGroups/Test-RG/providers/Microsoft.Network/networkSecurityGroups/Test-NSG",
      "type": "string"
    },
    "resource_group_name": {
      "value": "Test-RG",
      "type": "string"
    },
    "vnet_name": {
      "value": "Test-VNet",
      "type": "string"
    }
  },
  "resources": [
    {
      "module": "module.nsg",
      "mode": "managed",
      "type": "azurerm_network_security_group",
      "name": "NSG",
      "provider": "provider[\"registry.terraform.io/hashicorp/azurerm\"]",
      "instances": [
        {
          "schema_version": 0,
          "attributes": {
            "id": "/subscriptions/ff65f0cf-a249-47f9-966a-01344e9444f1/resourceGroups/Test-RG/providers/Microsoft.Network/networkSecurityGroups/Test-NSG",
            "location": "westus2",
            "name": "Test-NSG",
            "resource_group_name": "Test-RG",
            "security_rule": [
              {
                "access": "Allow",
                "description": "",
                "destination_address_prefix": "*",
                "destination_address_prefixes": [],
                "destination_application_security_group_ids": [],
                "destination_port_range": "*",
                "destination_port_ranges": [],
                "direction": "Inbound",
                "name": "Allow-All-Trafic",
                "priority": 100,
                "protocol": "*",
                "source_address_prefix": "*",
                "source_address_prefixes": [],
                "source_application_security_group_ids": [],
                "source_port_range": "*",
                "source_port_ranges": []
              }
            ],
            "tags": {
              "environment": "uat"
            },
            "timeouts": null
          },
          "sensitive_attributes": [],
          "private": "eyJlMmJmYjczMC1lY2FhLTExZTYtOGY4OC0zNDM2M2JjN2M0YzAiOnsiY3JlYXRlIjoxODAwMDAwMDAwMDAwLCJkZWxldGUiOjE4MDAwMDAwMDAwMDAsInJlYWQiOjMwMDAwMDAwMDAwMCwidXBkYXRlIjoxODAwMDAwMDAwMDAwfX0=",
          "dependencies": [
            "module.rgroup.azurerm_resource_group.RG"
          ]
        }
      ]
    },
    {
      "module": "module.rgroup",
      "mode": "managed",
      "type": "azurerm_resource_group",
      "name": "RG",
      "provider": "provider[\"registry.terraform.io/hashicorp/azurerm\"]",
      "instances": [
        {
          "schema_version": 0,
          "attributes": {
            "id": "/subscriptions/ff65f0cf-a249-47f9-966a-01344e9444f1/resourceGroups/Test-RG",
            "location": "westus2",
            "managed_by": "",
            "name": "Test-RG",
            "tags": null,
            "timeouts": null
          },
          "sensitive_attributes": [],
          "private": "eyJlMmJmYjczMC1lY2FhLTExZTYtOGY4OC0zNDM2M2JjN2M0YzAiOnsiY3JlYXRlIjo1NDAwMDAwMDAwMDAwLCJkZWxldGUiOjU0MDAwMDAwMDAwMDAsInJlYWQiOjMwMDAwMDAwMDAwMCwidXBkYXRlIjo1NDAwMDAwMDAwMDAwfX0="
        }
      ]
    }
  ],
  "check_results": null
}
