{
  "version": 4,
  "terraform_version": "1.10.5",
  "serial": 246,
  "lineage": "c81acd96-cbe2-050f-fcce-e3f2689441ce",
  "outputs": {
    "nic_id": {
      "value": "/subscriptions/ff65f0cf-a249-47f9-966a-01344e9444f1/resourceGroups/Test-RG/providers/Microsoft.Network/networkInterfaces/Test-NIC",
      "type": "string"
    },
    "nsg_id": {
      "value": "/subscriptions/ff65f0cf-a249-47f9-966a-01344e9444f1/resourceGroups/Test-RG/providers/Microsoft.Network/networkSecurityGroups/Test-NSG",
      "type": "string"
    },
    "resource_group_name": {
      "value": "Test-RG",
      "type": "string"
    },
    "subnet_id": {
      "value": [
        "/subscriptions/ff65f0cf-a249-47f9-966a-01344e9444f1/resourceGroups/Test-RG/providers/Microsoft.Network/virtualNetworks/Test-VNet/subnets/subnet1"
      ],
      "type": [
        "tuple",
        [
          "string"
        ]
      ]
    },
    "vnet_name": {
      "value": "Test-VNet",
      "type": "string"
    }
  },
  "resources": [
    {
      "module": "module.nic",
      "mode": "managed",
      "type": "azurerm_network_interface",
      "name": "NIC",
      "provider": "provider[\"registry.terraform.io/hashicorp/azurerm\"]",
      "instances": [
        {
          "schema_version": 0,
          "attributes": {
            "accelerated_networking_enabled": false,
            "applied_dns_servers": [],
            "auxiliary_mode": "",
            "auxiliary_sku": "",
            "dns_servers": null,
            "edge_zone": "",
            "id": "/subscriptions/ff65f0cf-a249-47f9-966a-01344e9444f1/resourceGroups/Test-RG/providers/Microsoft.Network/networkInterfaces/Test-NIC",
            "internal_dns_name_label": "",
            "internal_domain_name_suffix": "y1aerxw3kaxuta1oxjlz31m4vb.cx.internal.cloudapp.net",
            "ip_configuration": [
              {
                "gateway_load_balancer_frontend_ip_configuration_id": "",
                "name": "internal",
                "primary": true,
                "private_ip_address": "10.0.1.4",
                "private_ip_address_allocation": "Dynamic",
                "private_ip_address_version": "IPv4",
                "public_ip_address_id": "/subscriptions/ff65f0cf-a249-47f9-966a-01344e9444f1/resourceGroups/Test-RG/providers/Microsoft.Network/publicIPAddresses/Test-NIC-public-ip",
                "subnet_id": "/subscriptions/ff65f0cf-a249-47f9-966a-01344e9444f1/resourceGroups/Test-RG/providers/Microsoft.Network/virtualNetworks/Test-VNet/subnets/subnet1"
              }
            ],
            "ip_forwarding_enabled": false,
            "location": "eastus2",
            "mac_address": "",
            "name": "Test-NIC",
            "private_ip_address": "10.0.1.4",
            "private_ip_addresses": [
              "10.0.1.4"
            ],
            "resource_group_name": "Test-RG",
            "tags": {
              "environment": "uat"
            },
            "timeouts": null,
            "virtual_machine_id": ""
          },
          "sensitive_attributes": [],
          "private": "eyJlMmJmYjczMC1lY2FhLTExZTYtOGY4OC0zNDM2M2JjN2M0YzAiOnsiY3JlYXRlIjoxODAwMDAwMDAwMDAwLCJkZWxldGUiOjE4MDAwMDAwMDAwMDAsInJlYWQiOjMwMDAwMDAwMDAwMCwidXBkYXRlIjoxODAwMDAwMDAwMDAwfX0=",
          "dependencies": [
            "module.nic.azurerm_public_ip.public_ip",
            "module.rgroup.azurerm_resource_group.RG",
            "module.vnet.azurerm_subnet.subnets",
            "module.vnet.azurerm_virtual_network.VNet"
          ]
        }
      ]
    },
    {
      "module": "module.nic",
      "mode": "managed",
      "type": "azurerm_network_interface_security_group_association",
      "name": "nic_nsg",
      "provider": "provider[\"registry.terraform.io/hashicorp/azurerm\"]",
      "instances": [
        {
          "schema_version": 0,
          "attributes": {
            "id": "/subscriptions/ff65f0cf-a249-47f9-966a-01344e9444f1/resourceGroups/Test-RG/providers/Microsoft.Network/networkInterfaces/Test-NIC|/subscriptions/ff65f0cf-a249-47f9-966a-01344e9444f1/resourceGroups/Test-RG/providers/Microsoft.Network/networkSecurityGroups/Test-NSG",
            "network_interface_id": "/subscriptions/ff65f0cf-a249-47f9-966a-01344e9444f1/resourceGroups/Test-RG/providers/Microsoft.Network/networkInterfaces/Test-NIC",
            "network_security_group_id": "/subscriptions/ff65f0cf-a249-47f9-966a-01344e9444f1/resourceGroups/Test-RG/providers/Microsoft.Network/networkSecurityGroups/Test-NSG",
            "timeouts": null
          },
          "sensitive_attributes": [],
          "private": "eyJlMmJmYjczMC1lY2FhLTExZTYtOGY4OC0zNDM2M2JjN2M0YzAiOnsiY3JlYXRlIjoxODAwMDAwMDAwMDAwLCJkZWxldGUiOjE4MDAwMDAwMDAwMDAsInJlYWQiOjMwMDAwMDAwMDAwMH19",
          "dependencies": [
            "module.nic.azurerm_network_interface.NIC",
            "module.nic.azurerm_public_ip.public_ip",
            "module.nsg.azurerm_network_security_group.NSG",
            "module.rgroup.azurerm_resource_group.RG",
            "module.vnet.azurerm_subnet.subnets",
            "module.vnet.azurerm_virtual_network.VNet"
          ]
        }
      ]
    },
    {
      "module": "module.nic",
      "mode": "managed",
      "type": "azurerm_public_ip",
      "name": "public_ip",
      "provider": "provider[\"registry.terraform.io/hashicorp/azurerm\"]",
      "instances": [
        {
          "schema_version": 0,
          "attributes": {
            "allocation_method": "Static",
            "ddos_protection_mode": "VirtualNetworkInherited",
            "ddos_protection_plan_id": null,
            "domain_name_label": null,
            "domain_name_label_scope": null,
            "edge_zone": "",
            "fqdn": null,
            "id": "/subscriptions/ff65f0cf-a249-47f9-966a-01344e9444f1/resourceGroups/Test-RG/providers/Microsoft.Network/publicIPAddresses/Test-NIC-public-ip",
            "idle_timeout_in_minutes": 4,
            "ip_address": "172.200.145.159",
            "ip_tags": null,
            "ip_version": "IPv4",
            "location": "eastus2",
            "name": "Test-NIC-public-ip",
            "public_ip_prefix_id": null,
            "resource_group_name": "Test-RG",
            "reverse_fqdn": null,
            "sku": "Standard",
            "sku_tier": "Regional",
            "tags": null,
            "timeouts": null,
            "zones": null
          },
          "sensitive_attributes": [],
          "private": "eyJlMmJmYjczMC1lY2FhLTExZTYtOGY4OC0zNDM2M2JjN2M0YzAiOnsiY3JlYXRlIjoxODAwMDAwMDAwMDAwLCJkZWxldGUiOjE4MDAwMDAwMDAwMDAsInJlYWQiOjMwMDAwMDAwMDAwMCwidXBkYXRlIjoxODAwMDAwMDAwMDAwfX0=",
          "dependencies": [
            "module.rgroup.azurerm_resource_group.RG"
          ]
        }
      ]
    },
    {
      "module": "module.nsg",
      "mode": "managed",
      "type": "azurerm_network_security_group",
      "name": "NSG",
      "provider": "provider[\"registry.terraform.io/hashicorp/azurerm\"]",
      "instances": [
        {
          "schema_version": 0,
          "attributes": {
            "id": "/subscriptions/ff65f0cf-a249-47f9-966a-01344e9444f1/resourceGroups/Test-RG/providers/Microsoft.Network/networkSecurityGroups/Test-NSG",
            "location": "eastus2",
            "name": "Test-NSG",
            "resource_group_name": "Test-RG",
            "security_rule": [
              {
                "access": "Allow",
                "description": "",
                "destination_address_prefix": "*",
                "destination_address_prefixes": [],
                "destination_application_security_group_ids": [],
                "destination_port_range": "*",
                "destination_port_ranges": [],
                "direction": "Inbound",
                "name": "Allow-All-Trafic",
                "priority": 100,
                "protocol": "*",
                "source_address_prefix": "*",
                "source_address_prefixes": [],
                "source_application_security_group_ids": [],
                "source_port_range": "*",
                "source_port_ranges": []
              }
            ],
            "tags": {
              "environment": "uat"
            },
            "timeouts": null
          },
          "sensitive_attributes": [],
          "private": "eyJlMmJmYjczMC1lY2FhLTExZTYtOGY4OC0zNDM2M2JjN2M0YzAiOnsiY3JlYXRlIjoxODAwMDAwMDAwMDAwLCJkZWxldGUiOjE4MDAwMDAwMDAwMDAsInJlYWQiOjMwMDAwMDAwMDAwMCwidXBkYXRlIjoxODAwMDAwMDAwMDAwfX0=",
          "dependencies": [
            "module.rgroup.azurerm_resource_group.RG"
          ]
        }
      ]
    },
    {
      "module": "module.rgroup",
      "mode": "managed",
      "type": "azurerm_resource_group",
      "name": "RG",
      "provider": "provider[\"registry.terraform.io/hashicorp/azurerm\"]",
      "instances": [
        {
          "schema_version": 0,
          "attributes": {
            "id": "/subscriptions/ff65f0cf-a249-47f9-966a-01344e9444f1/resourceGroups/Test-RG",
            "location": "eastus2",
            "managed_by": "",
            "name": "Test-RG",
            "tags": null,
            "timeouts": null
          },
          "sensitive_attributes": [],
          "private": "eyJlMmJmYjczMC1lY2FhLTExZTYtOGY4OC0zNDM2M2JjN2M0YzAiOnsiY3JlYXRlIjo1NDAwMDAwMDAwMDAwLCJkZWxldGUiOjU0MDAwMDAwMDAwMDAsInJlYWQiOjMwMDAwMDAwMDAwMCwidXBkYXRlIjo1NDAwMDAwMDAwMDAwfX0="
        }
      ]
    },
    {
      "module": "module.virtual_machine",
      "mode": "managed",
      "type": "azurerm_linux_virtual_machine",
      "name": "vm",
      "provider": "provider[\"registry.terraform.io/hashicorp/azurerm\"]",
      "instances": [
        {
          "schema_version": 0,
          "attributes": {
            "additional_capabilities": [],
            "admin_password": "MyStrongPassword123!",
            "admin_ssh_key": [],
            "admin_username": "azureuser",
            "allow_extension_operations": true,
            "availability_set_id": "",
            "boot_diagnostics": [],
            "bypass_platform_safety_checks_on_user_schedule_enabled": false,
            "capacity_reservation_group_id": "",
            "computer_name": "testvm",
            "custom_data": null,
            "dedicated_host_group_id": "",
            "dedicated_host_id": "",
            "disable_password_authentication": false,
            "disk_controller_type": "SCSI",
            "edge_zone": "",
            "encryption_at_host_enabled": false,
            "eviction_policy": "",
            "extensions_time_budget": "PT1H30M",
            "gallery_application": [],
            "id": "/subscriptions/ff65f0cf-a249-47f9-966a-01344e9444f1/resourceGroups/Test-RG/providers/Microsoft.Compute/virtualMachines/testvm",
            "identity": [],
            "license_type": "",
            "location": "eastus2",
            "max_bid_price": -1,
            "name": "testvm",
            "network_interface_ids": [
              "/subscriptions/ff65f0cf-a249-47f9-966a-01344e9444f1/resourceGroups/Test-RG/providers/Microsoft.Network/networkInterfaces/Test-NIC"
            ],
            "os_disk": [
              {
                "caching": "ReadWrite",
                "diff_disk_settings": [],
                "disk_encryption_set_id": "",
                "disk_size_gb": 30,
                "id": "/subscriptions/ff65f0cf-a249-47f9-966a-01344e9444f1/resourceGroups/Test-RG/providers/Microsoft.Compute/disks/testvm_disk1_7aef2b9b939844d58587f812c1d7b8e6",
                "name": "testvm_disk1_7aef2b9b939844d58587f812c1d7b8e6",
                "secure_vm_disk_encryption_set_id": "",
                "security_encryption_type": "",
                "storage_account_type": "Premium_LRS",
                "write_accelerator_enabled": false
              }
            ],
            "os_image_notification": [],
            "patch_assessment_mode": "ImageDefault",
            "patch_mode": "ImageDefault",
            "plan": [],
            "platform_fault_domain": -1,
            "priority": "Regular",
            "private_ip_address": "10.0.1.4",
            "private_ip_addresses": [
              "10.0.1.4"
            ],
            "provision_vm_agent": true,
            "proximity_placement_group_id": "",
            "public_ip_address": "172.200.145.159",
            "public_ip_addresses": [
              "172.200.145.159"
            ],
            "reboot_setting": "",
            "resource_group_name": "Test-RG",
            "secret": [],
            "secure_boot_enabled": false,
            "size": "Standard_D2s_v3",
            "source_image_id": "",
            "source_image_reference": [
              {
                "offer": "0001-com-ubuntu-server-focal",
                "publisher": "Canonical",
                "sku": "20_04-lts-gen2",
                "version": "latest"
              }
            ],
            "tags": {
              "Project": "VMModule",
              "environment": "dev"
            },
            "termination_notification": null,
            "timeouts": null,
            "user_data": "",
            "virtual_machine_id": "a32caabe-ce51-42f6-bfa2-6274f1891035",
            "virtual_machine_scale_set_id": "",
            "vm_agent_platform_updates_enabled": false,
            "vtpm_enabled": false,
            "zone": ""
          },
          "sensitive_attributes": [
            [
              {
                "type": "get_attr",
                "value": "custom_data"
              }
            ],
            [
              {
                "type": "get_attr",
                "value": "admin_password"
              }
            ]
          ],
          "private": "eyJlMmJmYjczMC1lY2FhLTExZTYtOGY4OC0zNDM2M2JjN2M0YzAiOnsiY3JlYXRlIjoyNzAwMDAwMDAwMDAwLCJkZWxldGUiOjI3MDAwMDAwMDAwMDAsInJlYWQiOjMwMDAwMDAwMDAwMCwidXBkYXRlIjoyNzAwMDAwMDAwMDAwfX0=",
          "dependencies": [
            "module.nic.azurerm_network_interface.NIC",
            "module.nic.azurerm_public_ip.public_ip",
            "module.rgroup.azurerm_resource_group.RG",
            "module.vnet.azurerm_subnet.subnets",
            "module.vnet.azurerm_virtual_network.VNet"
          ]
        }
      ]
    },
    {
      "module": "module.vnet",
      "mode": "managed",
      "type": "azurerm_subnet",
      "name": "subnets",
      "provider": "provider[\"registry.terraform.io/hashicorp/azurerm\"]",
      "instances": [
        {
          "index_key": "subnet1",
          "schema_version": 0,
          "attributes": {
            "address_prefixes": [
              "10.0.1.0/24"
            ],
            "default_outbound_access_enabled": true,
            "delegation": [],
            "id": "/subscriptions/ff65f0cf-a249-47f9-966a-01344e9444f1/resourceGroups/Test-RG/providers/Microsoft.Network/virtualNetworks/Test-VNet/subnets/subnet1",
            "name": "subnet1",
            "private_endpoint_network_policies": "Disabled",
            "private_link_service_network_policies_enabled": true,
            "resource_group_name": "Test-RG",
            "service_endpoint_policy_ids": null,
            "service_endpoints": null,
            "timeouts": null,
            "virtual_network_name": "Test-VNet"
          },
          "sensitive_attributes": [],
          "private": "eyJlMmJmYjczMC1lY2FhLTExZTYtOGY4OC0zNDM2M2JjN2M0YzAiOnsiY3JlYXRlIjoxODAwMDAwMDAwMDAwLCJkZWxldGUiOjE4MDAwMDAwMDAwMDAsInJlYWQiOjMwMDAwMDAwMDAwMCwidXBkYXRlIjoxODAwMDAwMDAwMDAwfX0=",
          "dependencies": [
            "module.rgroup.azurerm_resource_group.RG",
            "module.vnet.azurerm_virtual_network.VNet"
          ]
        }
      ]
    },
    {
      "module": "module.vnet",
      "mode": "managed",
      "type": "azurerm_virtual_network",
      "name": "VNet",
      "provider": "provider[\"registry.terraform.io/hashicorp/azurerm\"]",
      "instances": [
        {
          "schema_version": 0,
          "attributes": {
            "address_space": [
              "10.0.0.0/16"
            ],
            "bgp_community": "",
            "ddos_protection_plan": [],
            "dns_servers": [],
            "edge_zone": "",
            "encryption": [],
            "flow_timeout_in_minutes": 0,
            "guid": "de48c0c6-50dd-492f-836e-ba579eed9ea9",
            "id": "/subscriptions/ff65f0cf-a249-47f9-966a-01344e9444f1/resourceGroups/Test-RG/providers/Microsoft.Network/virtualNetworks/Test-VNet",
            "location": "eastus2",
            "name": "Test-VNet",
            "private_endpoint_vnet_policies": "Disabled",
            "resource_group_name": "Test-RG",
            "subnet": [],
            "tags": {
              "environment": "uat"
            },
            "timeouts": null
          },
          "sensitive_attributes": [],
          "private": "eyJlMmJmYjczMC1lY2FhLTExZTYtOGY4OC0zNDM2M2JjN2M0YzAiOnsiY3JlYXRlIjoxODAwMDAwMDAwMDAwLCJkZWxldGUiOjE4MDAwMDAwMDAwMDAsInJlYWQiOjMwMDAwMDAwMDAwMCwidXBkYXRlIjoxODAwMDAwMDAwMDAwfX0=",
          "dependencies": [
            "module.rgroup.azurerm_resource_group.RG"
          ]
        }
      ]
    }
  ],
  "check_results": null
}
