{
  "version": 4,
  "terraform_version": "1.10.5",
  "serial": 47,
  "lineage": "c81acd96-cbe2-050f-fcce-e3f2689441ce",
  "outputs": {
    "nic_id": {
      "value": "/subscriptions/ff65f0cf-a249-47f9-966a-01344e9444f1/resourceGroups/Test-RG/providers/Microsoft.Network/networkInterfaces/Test-NIC",
      "type": "string"
    },
    "nsg_id": {
      "value": "/subscriptions/ff65f0cf-a249-47f9-966a-01344e9444f1/resourceGroups/Test-RG/providers/Microsoft.Network/networkSecurityGroups/Test-NSG",
      "type": "string"
    },
    "resource_group_name": {
      "value": "Test-RG",
      "type": "string"
    },
    "subnet_id": {
      "value": "/subscriptions/ff65f0cf-a249-47f9-966a-01344e9444f1/resourceGroups/Test-RG/providers/Microsoft.Network/virtualNetworks/Test-VNet/subnets/dkutti_subnet1",
      "type": "string"
    },
    "vnet_name": {
      "value": "Test-VNet",
      "type": "string"
    }
  },
  "resources": [
    {
      "module": "module.nic",
      "mode": "managed",
      "type": "azurerm_network_interface",
      "name": "NIC",
      "provider": "provider[\"registry.terraform.io/hashicorp/azurerm\"]",
      "instances": [
        {
          "schema_version": 0,
          "attributes": {
            "accelerated_networking_enabled": false,
            "applied_dns_servers": [],
            "auxiliary_mode": "",
            "auxiliary_sku": "",
            "dns_servers": null,
            "edge_zone": "",
            "id": "/subscriptions/ff65f0cf-a249-47f9-966a-01344e9444f1/resourceGroups/Test-RG/providers/Microsoft.Network/networkInterfaces/Test-NIC",
            "internal_dns_name_label": "",
            "internal_domain_name_suffix": "jinytddlkaxefimlc1qtcrclpe.bx.internal.cloudapp.net",
            "ip_configuration": [
              {
                "gateway_load_balancer_frontend_ip_configuration_id": "",
                "name": "internal",
                "primary": true,
                "private_ip_address": "10.0.2.4",
                "private_ip_address_allocation": "Dynamic",
                "private_ip_address_version": "IPv4",
                "public_ip_address_id": "",
                "subnet_id": "/subscriptions/ff65f0cf-a249-47f9-966a-01344e9444f1/resourceGroups/Test-RG/providers/Microsoft.Network/virtualNetworks/Test-VNet/subnets/dkutti_subnet1"
              }
            ],
            "ip_forwarding_enabled": false,
            "location": "eastus",
            "mac_address": "",
            "name": "Test-NIC",
            "private_ip_address": "10.0.2.4",
            "private_ip_addresses": [
              "10.0.2.4"
            ],
            "resource_group_name": "Test-RG",
            "tags": {
              "environment": "uat"
            },
            "timeouts": null,
            "virtual_machine_id": ""
          },
          "sensitive_attributes": [],
          "private": "eyJlMmJmYjczMC1lY2FhLTExZTYtOGY4OC0zNDM2M2JjN2M0YzAiOnsiY3JlYXRlIjoxODAwMDAwMDAwMDAwLCJkZWxldGUiOjE4MDAwMDAwMDAwMDAsInJlYWQiOjMwMDAwMDAwMDAwMCwidXBkYXRlIjoxODAwMDAwMDAwMDAwfX0=",
          "dependencies": [
            "module.rgroup.azurerm_resource_group.RG",
            "module.vnet.azurerm_subnet.subnet1",
            "module.vnet.azurerm_virtual_network.VNet"
          ]
        }
      ]
    },
    {
      "module": "module.nic",
      "mode": "managed",
      "type": "azurerm_network_interface_security_group_association",
      "name": "nic_nsg",
      "provider": "provider[\"registry.terraform.io/hashicorp/azurerm\"]",
      "instances": [
        {
          "schema_version": 0,
          "attributes": {
            "id": "/subscriptions/ff65f0cf-a249-47f9-966a-01344e9444f1/resourceGroups/Test-RG/providers/Microsoft.Network/networkInterfaces/Test-NIC|/subscriptions/ff65f0cf-a249-47f9-966a-01344e9444f1/resourceGroups/Test-RG/providers/Microsoft.Network/networkSecurityGroups/Test-NSG",
            "network_interface_id": "/subscriptions/ff65f0cf-a249-47f9-966a-01344e9444f1/resourceGroups/Test-RG/providers/Microsoft.Network/networkInterfaces/Test-NIC",
            "network_security_group_id": "/subscriptions/ff65f0cf-a249-47f9-966a-01344e9444f1/resourceGroups/Test-RG/providers/Microsoft.Network/networkSecurityGroups/Test-NSG",
            "timeouts": null
          },
          "sensitive_attributes": [],
          "private": "eyJlMmJmYjczMC1lY2FhLTExZTYtOGY4OC0zNDM2M2JjN2M0YzAiOnsiY3JlYXRlIjoxODAwMDAwMDAwMDAwLCJkZWxldGUiOjE4MDAwMDAwMDAwMDAsInJlYWQiOjMwMDAwMDAwMDAwMH19",
          "dependencies": [
            "module.nic.azurerm_network_interface.NIC",
            "module.nsg.azurerm_network_security_group.NSG",
            "module.rgroup.azurerm_resource_group.RG",
            "module.vnet.azurerm_subnet.subnet1",
            "module.vnet.azurerm_virtual_network.VNet"
          ]
        }
      ]
    },
    {
      "module": "module.nsg",
      "mode": "managed",
      "type": "azurerm_network_security_group",
      "name": "NSG",
      "provider": "provider[\"registry.terraform.io/hashicorp/azurerm\"]",
      "instances": [
        {
          "schema_version": 0,
          "attributes": {
            "id": "/subscriptions/ff65f0cf-a249-47f9-966a-01344e9444f1/resourceGroups/Test-RG/providers/Microsoft.Network/networkSecurityGroups/Test-NSG",
            "location": "eastus",
            "name": "Test-NSG",
            "resource_group_name": "Test-RG",
            "security_rule": [
              {
                "access": "Allow",
                "description": "",
                "destination_address_prefix": "*",
                "destination_address_prefixes": [],
                "destination_application_security_group_ids": [],
                "destination_port_range": "*",
                "destination_port_ranges": [],
                "direction": "Inbound",
                "name": "Allow-All-Trafic",
                "priority": 100,
                "protocol": "*",
                "source_address_prefix": "*",
                "source_address_prefixes": [],
                "source_application_security_group_ids": [],
                "source_port_range": "*",
                "source_port_ranges": []
              }
            ],
            "tags": {
              "environment": "uat"
            },
            "timeouts": null
          },
          "sensitive_attributes": [],
          "private": "eyJlMmJmYjczMC1lY2FhLTExZTYtOGY4OC0zNDM2M2JjN2M0YzAiOnsiY3JlYXRlIjoxODAwMDAwMDAwMDAwLCJkZWxldGUiOjE4MDAwMDAwMDAwMDAsInJlYWQiOjMwMDAwMDAwMDAwMCwidXBkYXRlIjoxODAwMDAwMDAwMDAwfX0=",
          "dependencies": [
            "module.rgroup.azurerm_resource_group.RG"
          ]
        }
      ]
    },
    {
      "module": "module.rgroup",
      "mode": "managed",
      "type": "azurerm_resource_group",
      "name": "RG",
      "provider": "provider[\"registry.terraform.io/hashicorp/azurerm\"]",
      "instances": [
        {
          "schema_version": 0,
          "attributes": {
            "id": "/subscriptions/ff65f0cf-a249-47f9-966a-01344e9444f1/resourceGroups/Test-RG",
            "location": "eastus",
            "managed_by": "",
            "name": "Test-RG",
            "tags": null,
            "timeouts": null
          },
          "sensitive_attributes": [],
          "private": "eyJlMmJmYjczMC1lY2FhLTExZTYtOGY4OC0zNDM2M2JjN2M0YzAiOnsiY3JlYXRlIjo1NDAwMDAwMDAwMDAwLCJkZWxldGUiOjU0MDAwMDAwMDAwMDAsInJlYWQiOjMwMDAwMDAwMDAwMCwidXBkYXRlIjo1NDAwMDAwMDAwMDAwfX0="
        }
      ]
    },
    {
      "module": "module.vnet",
      "mode": "managed",
      "type": "azurerm_subnet",
      "name": "subnet1",
      "provider": "provider[\"registry.terraform.io/hashicorp/azurerm\"]",
      "instances": [
        {
          "schema_version": 0,
          "attributes": {
            "address_prefixes": [
              "10.0.2.0/24"
            ],
            "default_outbound_access_enabled": true,
            "delegation": [],
            "id": "/subscriptions/ff65f0cf-a249-47f9-966a-01344e9444f1/resourceGroups/Test-RG/providers/Microsoft.Network/virtualNetworks/Test-VNet/subnets/dkutti_subnet1",
            "name": "dkutti_subnet1",
            "private_endpoint_network_policies": "Disabled",
            "private_link_service_network_policies_enabled": true,
            "resource_group_name": "Test-RG",
            "service_endpoint_policy_ids": null,
            "service_endpoints": null,
            "timeouts": null,
            "virtual_network_name": "Test-VNet"
          },
          "sensitive_attributes": [],
          "private": "eyJlMmJmYjczMC1lY2FhLTExZTYtOGY4OC0zNDM2M2JjN2M0YzAiOnsiY3JlYXRlIjoxODAwMDAwMDAwMDAwLCJkZWxldGUiOjE4MDAwMDAwMDAwMDAsInJlYWQiOjMwMDAwMDAwMDAwMCwidXBkYXRlIjoxODAwMDAwMDAwMDAwfX0=",
          "dependencies": [
            "module.rgroup.azurerm_resource_group.RG",
            "module.vnet.azurerm_virtual_network.VNet"
          ]
        }
      ]
    },
    {
      "module": "module.vnet",
      "mode": "managed",
      "type": "azurerm_virtual_network",
      "name": "VNet",
      "provider": "provider[\"registry.terraform.io/hashicorp/azurerm\"]",
      "instances": [
        {
          "schema_version": 0,
          "attributes": {
            "address_space": [
              "10.0.0.0/16"
            ],
            "bgp_community": "",
            "ddos_protection_plan": [],
            "dns_servers": [],
            "edge_zone": "",
            "encryption": [],
            "flow_timeout_in_minutes": 0,
            "guid": "8c891b4a-506b-422e-a18b-16e131444b7c",
            "id": "/subscriptions/ff65f0cf-a249-47f9-966a-01344e9444f1/resourceGroups/Test-RG/providers/Microsoft.Network/virtualNetworks/Test-VNet",
            "location": "eastus",
            "name": "Test-VNet",
            "private_endpoint_vnet_policies": "Disabled",
            "resource_group_name": "Test-RG",
            "subnet": [],
            "tags": {
              "environment": "uat"
            },
            "timeouts": null
          },
          "sensitive_attributes": [],
          "private": "eyJlMmJmYjczMC1lY2FhLTExZTYtOGY4OC0zNDM2M2JjN2M0YzAiOnsiY3JlYXRlIjoxODAwMDAwMDAwMDAwLCJkZWxldGUiOjE4MDAwMDAwMDAwMDAsInJlYWQiOjMwMDAwMDAwMDAwMCwidXBkYXRlIjoxODAwMDAwMDAwMDAwfX0=",
          "dependencies": [
            "module.rgroup.azurerm_resource_group.RG"
          ]
        }
      ]
    }
  ],
  "check_results": null
}
