{
  "version": 4,
  "terraform_version": "1.10.5",
  "serial": 6,
  "lineage": "c81acd96-cbe2-050f-fcce-e3f2689441ce",
  "outputs": {
    "resource_group_name": {
      "value": "Test-RG",
      "type": "string"
    },
    "vnet_id": {
      "value": "/subscriptions/ff65f0cf-a249-47f9-966a-01344e9444f1/resourceGroups/Test-RG/providers/Microsoft.Network/virtualNetworks/Test-VNet",
      "type": "string"
    },
    "vnet_name": {
      "value": "Test-VNet",
      "type": "string"
    }
  },
  "resources": [
    {
      "module": "module.resource_group",
      "mode": "managed",
      "type": "azurerm_resource_group",
      "name": "RG",
      "provider": "provider[\"registry.terraform.io/hashicorp/azurerm\"]",
      "instances": [
        {
          "schema_version": 0,
          "attributes": {
            "id": "/subscriptions/ff65f0cf-a249-47f9-966a-01344e9444f1/resourceGroups/Test-RG",
            "location": "eastus",
            "managed_by": "",
            "name": "Test-RG",
            "tags": null,
            "timeouts": null
          },
          "sensitive_attributes": [],
          "private": "eyJlMmJmYjczMC1lY2FhLTExZTYtOGY4OC0zNDM2M2JjN2M0YzAiOnsiY3JlYXRlIjo1NDAwMDAwMDAwMDAwLCJkZWxldGUiOjU0MDAwMDAwMDAwMDAsInJlYWQiOjMwMDAwMDAwMDAwMCwidXBkYXRlIjo1NDAwMDAwMDAwMDAwfX0="
        }
      ]
    },
    {
      "module": "module.vnet",
      "mode": "managed",
      "type": "azurerm_virtual_network",
      "name": "VNet",
      "provider": "provider[\"registry.terraform.io/hashicorp/azurerm\"]",
      "instances": [
        {
          "schema_version": 0,
          "attributes": {
            "address_space": [
              "10.0.0.0/16"
            ],
            "bgp_community": "",
            "ddos_protection_plan": [],
            "dns_servers": [],
            "edge_zone": "",
            "encryption": [],
            "flow_timeout_in_minutes": 0,
            "guid": "1c3a04f0-82ed-4bd3-87bf-b9aca3ef7c54",
            "id": "/subscriptions/ff65f0cf-a249-47f9-966a-01344e9444f1/resourceGroups/Test-RG/providers/Microsoft.Network/virtualNetworks/Test-VNet",
            "location": "eastus",
            "name": "Test-VNet",
            "private_endpoint_vnet_policies": "Disabled",
            "resource_group_name": "Test-RG",
            "subnet": [],
            "tags": {
              "environment": "uat"
            },
            "timeouts": null
          },
          "sensitive_attributes": [],
          "private": "eyJlMmJmYjczMC1lY2FhLTExZTYtOGY4OC0zNDM2M2JjN2M0YzAiOnsiY3JlYXRlIjoxODAwMDAwMDAwMDAwLCJkZWxldGUiOjE4MDAwMDAwMDAwMDAsInJlYWQiOjMwMDAwMDAwMDAwMCwidXBkYXRlIjoxODAwMDAwMDAwMDAwfX0=",
          "dependencies": [
            "module.resource_group.azurerm_resource_group.RG"
          ]
        }
      ]
    }
  ],
  "check_results": null
}
